Microsoft Visual Studio Solution File, Format Version 12.00
# Visual Studio Version 17
VisualStudioVersion = 17.5.2.0
MinimumVisualStudioVersion = 10.0.40219.1
Project("{FAE04EC0-301F-11D3-BF4B-00C04F79EFBC}") = "NyashaMovies", "NyashaMovies\NyashaMovies.csproj", "{30805858-FDFF-EE15-0DEF-293BE2EE3CD7}"
EndProject
Global
	GlobalSection(SolutionConfigurationPlatforms) = preSolution
		Debug|Any CPU = Debug|Any CPU
		Release|Any CPU = Release|Any CPU
	EndGlobalSection
	GlobalSection(ProjectConfigurationPlatforms) = postSolution
		{30805858-FDFF-EE15-0DEF-293BE2EE3CD7}.Debug|Any CPU.ActiveCfg = Debug|Any CPU
		{30805858-FDFF-EE15-0DEF-293BE2EE3CD7}.Debug|Any CPU.Build.0 = Debug|Any CPU
		{30805858-FDFF-EE15-0DEF-293BE2EE3CD7}.Release|Any CPU.ActiveCfg = Release|Any CPU
		{30805858-FDFF-EE15-0DEF-293BE2EE3CD7}.Release|Any CPU.Build.0 = Release|Any CPU
	EndGlobalSection
	GlobalSection(SolutionProperties) = preSolution
		HideSolutionNode = FALSE
	EndGlobalSection
	GlobalSection(ExtensibilityGlobals) = postSolution
		SolutionGuid = {CC25ED1C-45A7-4ED0-BD86-82D6D48E1D9F}
	EndGlobalSection
EndGlobal
